
Microsoft Visual Studio Solution File, Format Version 12.00
# Visual Studio 15
VisualStudioVersion = 15.0.28010.2016
MinimumVisualStudioVersion = 10.0.40219.1
Project("{2150E333-8FDC-42A3-9474-1A3956D46DE8}") = "01 Common", "01 Common", "{75D5EF29-28B7-4314-8BE2-395EED02D06A}"
EndProject
Project("{FAE04EC0-301F-11D3-BF4B-00C04F79EFBC}") = "Common.Core", "Common.Core\Common.Core.csproj", "{39F12E13-2A90-4C38-9436-CC62AC5309CB}"
EndProject
Global
	GlobalSection(SolutionConfigurationPlatforms) = preSolution
		Debug|Any CPU = Debug|Any CPU
		Release|Any CPU = Release|Any CPU
	EndGlobalSection
	GlobalSection(ProjectConfigurationPlatforms) = postSolution
		{39F12E13-2A90-4C38-9436-CC62AC5309CB}.Debug|Any CPU.ActiveCfg = Debug|Any CPU
		{39F12E13-2A90-4C38-9436-CC62AC5309CB}.Debug|Any CPU.Build.0 = Debug|Any CPU
		{39F12E13-2A90-4C38-9436-CC62AC5309CB}.Release|Any CPU.ActiveCfg = Release|Any CPU
		{39F12E13-2A90-4C38-9436-CC62AC5309CB}.Release|Any CPU.Build.0 = Release|Any CPU
	EndGlobalSection
	GlobalSection(SolutionProperties) = preSolution
		HideSolutionNode = FALSE
	EndGlobalSection
	GlobalSection(NestedProjects) = preSolution
		{39F12E13-2A90-4C38-9436-CC62AC5309CB} = {75D5EF29-28B7-4314-8BE2-395EED02D06A}
	EndGlobalSection
	GlobalSection(ExtensibilityGlobals) = postSolution
		SolutionGuid = {AAC6CD6F-6352-4309-BEC4-551355EA85FA}
	EndGlobalSection
EndGlobal
